
Microsoft Visual Studio Solution File, Format Version 12.00
# Visual Studio Version 16
VisualStudioVersion = 16.0.29709.97
MinimumVisualStudioVersion = 10.0.40219.1
Project("{FAE04EC0-301F-11D3-BF4B-00C04F79EFBC}") = "Deliverable_3_Methods_CNielsen", "Deliverable_3_Methods_CNielsen.csproj", "{34F03FFE-9D33-4DE4-8257-7D2D7A729B28}"
EndProject
Global
	GlobalSection(SolutionConfigurationPlatforms) = preSolution
		Debug|Any CPU = Debug|Any CPU
		Release|Any CPU = Release|Any CPU
	EndGlobalSection
	GlobalSection(ProjectConfigurationPlatforms) = postSolution
		{34F03FFE-9D33-4DE4-8257-7D2D7A729B28}.Debug|Any CPU.ActiveCfg = Debug|Any CPU
		{34F03FFE-9D33-4DE4-8257-7D2D7A729B28}.Debug|Any CPU.Build.0 = Debug|Any CPU
		{34F03FFE-9D33-4DE4-8257-7D2D7A729B28}.Release|Any CPU.ActiveCfg = Release|Any CPU
		{34F03FFE-9D33-4DE4-8257-7D2D7A729B28}.Release|Any CPU.Build.0 = Release|Any CPU
	EndGlobalSection
	GlobalSection(SolutionProperties) = preSolution
		HideSolutionNode = FALSE
	EndGlobalSection
	GlobalSection(ExtensibilityGlobals) = postSolution
		SolutionGuid = {5DDD46A9-25AD-4F4B-91C4-EF332908D649}
	EndGlobalSection
EndGlobal
